
Microsoft Visual Studio Solution File, Format Version 12.00
# Visual Studio Version 16
VisualStudioVersion = 16.0.30611.23
MinimumVisualStudioVersion = 10.0.40219.1
Project("{FAE04EC0-301F-11D3-BF4B-00C04F79EFBC}") = "ADETQ2_Eclair", "ADETQ2_Eclair.csproj", "{AFE26C5D-CCB5-44E1-8BAC-EF30C068E32E}"
EndProject
Global
	GlobalSection(SolutionConfigurationPlatforms) = preSolution
		Debug|Any CPU = Debug|Any CPU
		Release|Any CPU = Release|Any CPU
	EndGlobalSection
	GlobalSection(ProjectConfigurationPlatforms) = postSolution
		{AFE26C5D-CCB5-44E1-8BAC-EF30C068E32E}.Debug|Any CPU.ActiveCfg = Debug|Any CPU
		{AFE26C5D-CCB5-44E1-8BAC-EF30C068E32E}.Debug|Any CPU.Build.0 = Debug|Any CPU
		{AFE26C5D-CCB5-44E1-8BAC-EF30C068E32E}.Release|Any CPU.ActiveCfg = Release|Any CPU
		{AFE26C5D-CCB5-44E1-8BAC-EF30C068E32E}.Release|Any CPU.Build.0 = Release|Any CPU
	EndGlobalSection
	GlobalSection(SolutionProperties) = preSolution
		HideSolutionNode = FALSE
	EndGlobalSection
	GlobalSection(ExtensibilityGlobals) = postSolution
		SolutionGuid = {EDE8F2CC-DEFD-4CAA-9192-7DB483F090DA}
	EndGlobalSection
EndGlobal
